
Microsoft Visual Studio Solution File, Format Version 12.00
# Visual Studio 15
VisualStudioVersion = 15.0.27130.2036
MinimumVisualStudioVersion = 10.0.40219.1
Project("{2150E333-8FDC-42A3-9474-1A3956D46DE8}") = "src", "src", "{5C42441C-D7A9-4F5C-8FF0-D53C80F8F43C}"
EndProject
Project("{2150E333-8FDC-42A3-9474-1A3956D46DE8}") = "tests", "tests", "{1D11DB73-FD15-4D86-9F8C-413D07761085}"
EndProject
Project("{9A19103F-16F7-4668-BE54-9A1E7A4F7556}") = "RegonValidator", "src\RegonValidator\RegonValidator.csproj", "{400BEA4C-2B1A-4390-A909-9DB4C30D75AA}"
EndProject
Project("{FAE04EC0-301F-11D3-BF4B-00C04F79EFBC}") = "RegonValidatorTests", "tests\RegonValidatorTests\RegonValidatorTests.csproj", "{B764EAC3-7435-4CF7-B36F-04D27EFD7B56}"
EndProject
Global
	GlobalSection(SolutionConfigurationPlatforms) = preSolution
		Debug|Any CPU = Debug|Any CPU
		Release|Any CPU = Release|Any CPU
	EndGlobalSection
	GlobalSection(ProjectConfigurationPlatforms) = postSolution
		{400BEA4C-2B1A-4390-A909-9DB4C30D75AA}.Debug|Any CPU.ActiveCfg = Debug|Any CPU
		{400BEA4C-2B1A-4390-A909-9DB4C30D75AA}.Debug|Any CPU.Build.0 = Debug|Any CPU
		{400BEA4C-2B1A-4390-A909-9DB4C30D75AA}.Release|Any CPU.ActiveCfg = Release|Any CPU
		{400BEA4C-2B1A-4390-A909-9DB4C30D75AA}.Release|Any CPU.Build.0 = Release|Any CPU
		{B764EAC3-7435-4CF7-B36F-04D27EFD7B56}.Debug|Any CPU.ActiveCfg = Debug|Any CPU
		{B764EAC3-7435-4CF7-B36F-04D27EFD7B56}.Debug|Any CPU.Build.0 = Debug|Any CPU
		{B764EAC3-7435-4CF7-B36F-04D27EFD7B56}.Release|Any CPU.ActiveCfg = Release|Any CPU
		{B764EAC3-7435-4CF7-B36F-04D27EFD7B56}.Release|Any CPU.Build.0 = Release|Any CPU
	EndGlobalSection
	GlobalSection(SolutionProperties) = preSolution
		HideSolutionNode = FALSE
	EndGlobalSection
	GlobalSection(NestedProjects) = preSolution
		{400BEA4C-2B1A-4390-A909-9DB4C30D75AA} = {5C42441C-D7A9-4F5C-8FF0-D53C80F8F43C}
		{B764EAC3-7435-4CF7-B36F-04D27EFD7B56} = {1D11DB73-FD15-4D86-9F8C-413D07761085}
	EndGlobalSection
	GlobalSection(ExtensibilityGlobals) = postSolution
		SolutionGuid = {51E3DAE6-4C42-47DA-A07E-8CD97898301D}
	EndGlobalSection
EndGlobal
